
Microsoft Visual Studio Solution File, Format Version 12.00
# Visual Studio Version 17
VisualStudioVersion = 17.4.33122.133
MinimumVisualStudioVersion = 10.0.40219.1
Project("{9A19103F-16F7-4668-BE54-9A1E7A4F7556}") = "DevFreela.API", "DevFreela.API\DevFreela.API.csproj", "{9B0180FF-28C7-4F49-B5D8-C751B2AC30E8}"
EndProject
Project("{9A19103F-16F7-4668-BE54-9A1E7A4F7556}") = "DevFreela.Core", "DevFreela.Core\DevFreela.Core.csproj", "{88537CD8-799E-458C-9A94-F30AEC2D3F88}"
EndProject
Project("{9A19103F-16F7-4668-BE54-9A1E7A4F7556}") = "DevFreela.Infrastructure", "DevFreela.Infrastructure\DevFreela.Infrastructure.csproj", "{AC4CD13B-4533-4DF8-9F77-4FA56DB56AF8}"
EndProject
Project("{FAE04EC0-301F-11D3-BF4B-00C04F79EFBC}") = "DevFreela.Application", "DevFreela.Application\DevFreela.Application.csproj", "{95319523-8C8B-4801-9F08-B1E9B8A7EF22}"
EndProject
Global
	GlobalSection(SolutionConfigurationPlatforms) = preSolution
		Debug|Any CPU = Debug|Any CPU
		Release|Any CPU = Release|Any CPU
	EndGlobalSection
	GlobalSection(ProjectConfigurationPlatforms) = postSolution
		{9B0180FF-28C7-4F49-B5D8-C751B2AC30E8}.Debug|Any CPU.ActiveCfg = Debug|Any CPU
		{9B0180FF-28C7-4F49-B5D8-C751B2AC30E8}.Debug|Any CPU.Build.0 = Debug|Any CPU
		{9B0180FF-28C7-4F49-B5D8-C751B2AC30E8}.Release|Any CPU.ActiveCfg = Release|Any CPU
		{9B0180FF-28C7-4F49-B5D8-C751B2AC30E8}.Release|Any CPU.Build.0 = Release|Any CPU
		{88537CD8-799E-458C-9A94-F30AEC2D3F88}.Debug|Any CPU.ActiveCfg = Debug|Any CPU
		{88537CD8-799E-458C-9A94-F30AEC2D3F88}.Debug|Any CPU.Build.0 = Debug|Any CPU
		{88537CD8-799E-458C-9A94-F30AEC2D3F88}.Release|Any CPU.ActiveCfg = Release|Any CPU
		{88537CD8-799E-458C-9A94-F30AEC2D3F88}.Release|Any CPU.Build.0 = Release|Any CPU
		{AC4CD13B-4533-4DF8-9F77-4FA56DB56AF8}.Debug|Any CPU.ActiveCfg = Debug|Any CPU
		{AC4CD13B-4533-4DF8-9F77-4FA56DB56AF8}.Debug|Any CPU.Build.0 = Debug|Any CPU
		{AC4CD13B-4533-4DF8-9F77-4FA56DB56AF8}.Release|Any CPU.ActiveCfg = Release|Any CPU
		{AC4CD13B-4533-4DF8-9F77-4FA56DB56AF8}.Release|Any CPU.Build.0 = Release|Any CPU
		{95319523-8C8B-4801-9F08-B1E9B8A7EF22}.Debug|Any CPU.ActiveCfg = Debug|Any CPU
		{95319523-8C8B-4801-9F08-B1E9B8A7EF22}.Debug|Any CPU.Build.0 = Debug|Any CPU
		{95319523-8C8B-4801-9F08-B1E9B8A7EF22}.Release|Any CPU.ActiveCfg = Release|Any CPU
		{95319523-8C8B-4801-9F08-B1E9B8A7EF22}.Release|Any CPU.Build.0 = Release|Any CPU
	EndGlobalSection
	GlobalSection(SolutionProperties) = preSolution
		HideSolutionNode = FALSE
	EndGlobalSection
	GlobalSection(ExtensibilityGlobals) = postSolution
		SolutionGuid = {04677614-3802-4F30-976A-7D99D0DEC700}
	EndGlobalSection
EndGlobal
